
Microsoft Visual Studio Solution File, Format Version 12.00
# Visual Studio 15
VisualStudioVersion = 15.0.28010.0
MinimumVisualStudioVersion = 10.0.40219.1
Project("{FAE04EC0-301F-11D3-BF4B-00C04F79EFBC}") = "MovieStore", "MovieStore\MovieStore.csproj", "{8751E4DE-200C-4C90-9C4D-80789AED0EDB}"
EndProject
Global
	GlobalSection(SolutionConfigurationPlatforms) = preSolution
		Debug|Any CPU = Debug|Any CPU
		Release|Any CPU = Release|Any CPU
	EndGlobalSection
	GlobalSection(ProjectConfigurationPlatforms) = postSolution
		{8751E4DE-200C-4C90-9C4D-80789AED0EDB}.Debug|Any CPU.ActiveCfg = Debug|Any CPU
		{8751E4DE-200C-4C90-9C4D-80789AED0EDB}.Debug|Any CPU.Build.0 = Debug|Any CPU
		{8751E4DE-200C-4C90-9C4D-80789AED0EDB}.Release|Any CPU.ActiveCfg = Release|Any CPU
		{8751E4DE-200C-4C90-9C4D-80789AED0EDB}.Release|Any CPU.Build.0 = Release|Any CPU
	EndGlobalSection
	GlobalSection(SolutionProperties) = preSolution
		HideSolutionNode = FALSE
	EndGlobalSection
	GlobalSection(ExtensibilityGlobals) = postSolution
		SolutionGuid = {7A9B17D7-9ACE-41EE-9C09-888E0B374DE6}
	EndGlobalSection
EndGlobal
